// !$*UTF8*$!
{
	archiveVersion = 1;
	classes = {
	};
	objectVersion = 56;
	objects = {

/* Begin PBXBuildFile section */
		84CFC8AC7A1E680EA349F7CC /* Pods_Todoey.framework in Frameworks */ = {isa = PBXBuildFile; fileRef = 23D7C9FB7FB313B71AB54580 /* Pods_Todoey.framework */; };
		B6360D102A7546F200180CB2 /* AppDelegate.swift in Sources */ = {isa = PBXBuildFile; fileRef = B6360D0F2A7546F200180CB2 /* AppDelegate.swift */; };
		B6360D122A7546F200180CB2 /* SceneDelegate.swift in Sources */ = {isa = PBXBuildFile; fileRef = B6360D112A7546F200180CB2 /* SceneDelegate.swift */; };
		B6360D142A7546F200180CB2 /* CategoriesTVC.swift in Sources */ = {isa = PBXBuildFile; fileRef = B6360D132A7546F200180CB2 /* CategoriesTVC.swift */; };
		B6360D172A7546F200180CB2 /* Main.storyboard in Resources */ = {isa = PBXBuildFile; fileRef = B6360D152A7546F200180CB2 /* Main.storyboard */; };
		B6360D192A7546F300180CB2 /* Assets.xcassets in Resources */ = {isa = PBXBuildFile; fileRef = B6360D182A7546F300180CB2 /* Assets.xcassets */; };
		B6360D1C2A7546F300180CB2 /* LaunchScreen.storyboard in Resources */ = {isa = PBXBuildFile; fileRef = B6360D1A2A7546F300180CB2 /* LaunchScreen.storyboard */; };
		B655F4E42A75529A00192855 /* ItemsTVC.swift in Sources */ = {isa = PBXBuildFile; fileRef = B655F4E32A75529A00192855 /* ItemsTVC.swift */; };
		B655F4E62A75537500192855 /* SwipeableTVC.swift in Sources */ = {isa = PBXBuildFile; fileRef = B655F4E52A75537500192855 /* SwipeableTVC.swift */; };
		B6C89F0C2A76405E0003EF33 /* CategoryDataModel.swift in Sources */ = {isa = PBXBuildFile; fileRef = B6C89F0B2A76405E0003EF33 /* CategoryDataModel.swift */; };
		B6C89F0E2A7640D20003EF33 /* ItemDataModel.swift in Sources */ = {isa = PBXBuildFile; fileRef = B6C89F0D2A7640D20003EF33 /* ItemDataModel.swift */; };
/* End PBXBuildFile section */

/* Begin PBXFileReference section */
		23D7C9FB7FB313B71AB54580 /* Pods_Todoey.framework */ = {isa = PBXFileReference; explicitFileType = wrapper.framework; includeInIndex = 0; path = Pods_Todoey.framework; sourceTree = BUILT_PRODUCTS_DIR; };
		5A4C878F0D682EAEA47D2372 /* Pods-Todoey.release.xcconfig */ = {isa = PBXFileReference; includeInIndex = 1; lastKnownFileType = text.xcconfig; name = "Pods-Todoey.release.xcconfig"; path = "Target Support Files/Pods-Todoey/Pods-Todoey.release.xcconfig"; sourceTree = "<group>"; };
		6715EFAFBD8060C862446D23 /* Pods-Todoey.debug.xcconfig */ = {isa = PBXFileReference; includeInIndex = 1; lastKnownFileType = text.xcconfig; name = "Pods-Todoey.debug.xcconfig"; path = "Target Support Files/Pods-Todoey/Pods-Todoey.debug.xcconfig"; sourceTree = "<group>"; };
		B6360D0C2A7546F200180CB2 /* Todoey.app */ = {isa = PBXFileReference; explicitFileType = wrapper.application; includeInIndex = 0; path = Todoey.app; sourceTree = BUILT_PRODUCTS_DIR; };
		B6360D0F2A7546F200180CB2 /* AppDelegate.swift */ = {isa = PBXFileReference; lastKnownFileType = sourcecode.swift; path = AppDelegate.swift; sourceTree = "<group>"; };
		B6360D112A7546F200180CB2 /* SceneDelegate.swift */ = {isa = PBXFileReference; lastKnownFileType = sourcecode.swift; path = SceneDelegate.swift; sourceTree = "<group>"; };
		B6360D132A7546F200180CB2 /* CategoriesTVC.swift */ = {isa = PBXFileReference; lastKnownFileType = sourcecode.swift; path = CategoriesTVC.swift; sourceTree = "<group>"; };
		B6360D162A7546F200180CB2 /* Base */ = {isa = PBXFileReference; lastKnownFileType = file.storyboard; name = Base; path = Base.lproj/Main.storyboard; sourceTree = "<group>"; };
		B6360D182A7546F300180CB2 /* Assets.xcassets */ = {isa = PBXFileReference; lastKnownFileType = folder.assetcatalog; path = Assets.xcassets; sourceTree = "<group>"; };
		B6360D1B2A7546F300180CB2 /* Base */ = {isa = PBXFileReference; lastKnownFileType = file.storyboard; name = Base; path = Base.lproj/LaunchScreen.storyboard; sourceTree = "<group>"; };
		B6360D1D2A7546F300180CB2 /* Info.plist */ = {isa = PBXFileReference; lastKnownFileType = text.plist.xml; path = Info.plist; sourceTree = "<group>"; };
		B655F4E32A75529A00192855 /* ItemsTVC.swift */ = {isa = PBXFileReference; lastKnownFileType = sourcecode.swift; path = ItemsTVC.swift; sourceTree = "<group>"; };
		B655F4E52A75537500192855 /* SwipeableTVC.swift */ = {isa = PBXFileReference; lastKnownFileType = sourcecode.swift; path = SwipeableTVC.swift; sourceTree = "<group>"; };
		B6C89F0B2A76405E0003EF33 /* CategoryDataModel.swift */ = {isa = PBXFileReference; lastKnownFileType = sourcecode.swift; path = CategoryDataModel.swift; sourceTree = "<group>"; };
		B6C89F0D2A7640D20003EF33 /* ItemDataModel.swift */ = {isa = PBXFileReference; lastKnownFileType = sourcecode.swift; path = ItemDataModel.swift; sourceTree = "<group>"; };
/* End PBXFileReference section */

/* Begin PBXFrameworksBuildPhase section */
		B6360D092A7546F200180CB2 /* Frameworks */ = {
			isa = PBXFrameworksBuildPhase;
			buildActionMask = 2147483647;
			files = (
				84CFC8AC7A1E680EA349F7CC /* Pods_Todoey.framework in Frameworks */,
			);
			runOnlyForDeploymentPostprocessing = 0;
		};
/* End PBXFrameworksBuildPhase section */

/* Begin PBXGroup section */
		0E262816C2FCF638675C447B /* Pods */ = {
			isa = PBXGroup;
			children = (
				6715EFAFBD8060C862446D23 /* Pods-Todoey.debug.xcconfig */,
				5A4C878F0D682EAEA47D2372 /* Pods-Todoey.release.xcconfig */,
			);
			path = Pods;
			sourceTree = "<group>";
		};
		37502A97A24385BD879A5B47 /* Frameworks */ = {
			isa = PBXGroup;
			children = (
				23D7C9FB7FB313B71AB54580 /* Pods_Todoey.framework */,
			);
			name = Frameworks;
			sourceTree = "<group>";
		};
		B6360D032A7546F200180CB2 = {
			isa = PBXGroup;
			children = (
				B6360D0E2A7546F200180CB2 /* Todoey */,
				B6360D0D2A7546F200180CB2 /* Products */,
				0E262816C2FCF638675C447B /* Pods */,
				37502A97A24385BD879A5B47 /* Frameworks */,
			);
			sourceTree = "<group>";
		};
		B6360D0D2A7546F200180CB2 /* Products */ = {
			isa = PBXGroup;
			children = (
				B6360D0C2A7546F200180CB2 /* Todoey.app */,
			);
			name = Products;
			sourceTree = "<group>";
		};
		B6360D0E2A7546F200180CB2 /* Todoey */ = {
			isa = PBXGroup;
			children = (
				B6C89F0A2A7640460003EF33 /* Model */,
				B6360D0F2A7546F200180CB2 /* AppDelegate.swift */,
				B6360D112A7546F200180CB2 /* SceneDelegate.swift */,
				B655F4E22A75523C00192855 /* Controller */,
				B655F4E12A75522E00192855 /* View */,
				B6360D182A7546F300180CB2 /* Assets.xcassets */,
				B6360D1A2A7546F300180CB2 /* LaunchScreen.storyboard */,
				B6360D1D2A7546F300180CB2 /* Info.plist */,
			);
			path = Todoey;
			sourceTree = "<group>";
		};
		B655F4E12A75522E00192855 /* View */ = {
			isa = PBXGroup;
			children = (
				B6360D152A7546F200180CB2 /* Main.storyboard */,
			);
			path = View;
			sourceTree = "<group>";
		};
		B655F4E22A75523C00192855 /* Controller */ = {
			isa = PBXGroup;
			children = (
				B6360D132A7546F200180CB2 /* CategoriesTVC.swift */,
				B655F4E32A75529A00192855 /* ItemsTVC.swift */,
				B655F4E52A75537500192855 /* SwipeableTVC.swift */,
			);
			path = Controller;
			sourceTree = "<group>";
		};
		B6C89F0A2A7640460003EF33 /* Model */ = {
			isa = PBXGroup;
			children = (
				B6C89F0B2A76405E0003EF33 /* CategoryDataModel.swift */,
				B6C89F0D2A7640D20003EF33 /* ItemDataModel.swift */,
			);
			path = Model;
			sourceTree = "<group>";
		};
/* End PBXGroup section */

/* Begin PBXNativeTarget section */
		B6360D0B2A7546F200180CB2 /* Todoey */ = {
			isa = PBXNativeTarget;
			buildConfigurationList = B6360D202A7546F300180CB2 /* Build configuration list for PBXNativeTarget "Todoey" */;
			buildPhases = (
				BBA1812EB1B5C27E20E8460C /* [CP] Check Pods Manifest.lock */,
				B6360D082A7546F200180CB2 /* Sources */,
				B6360D092A7546F200180CB2 /* Frameworks */,
				B6360D0A2A7546F200180CB2 /* Resources */,
				582912FC9527803E352C30CE /* [CP] Embed Pods Frameworks */,
			);
			buildRules = (
			);
			dependencies = (
			);
			name = Todoey;
			productName = Todoey;
			productReference = B6360D0C2A7546F200180CB2 /* Todoey.app */;
			productType = "com.apple.product-type.application";
		};
/* End PBXNativeTarget section */

/* Begin PBXProject section */
		B6360D042A7546F200180CB2 /* Project object */ = {
			isa = PBXProject;
			attributes = {
				BuildIndependentTargetsInParallel = 1;
				LastSwiftUpdateCheck = 1430;
				LastUpgradeCheck = 1430;
				TargetAttributes = {
					B6360D0B2A7546F200180CB2 = {
						CreatedOnToolsVersion = 14.3.1;
					};
				};
			};
			buildConfigurationList = B6360D072A7546F200180CB2 /* Build configuration list for PBXProject "Todoey" */;
			compatibilityVersion = "Xcode 14.0";
			developmentRegion = en;
			hasScannedForEncodings = 0;
			knownRegions = (
				en,
				Base,
			);
			mainGroup = B6360D032A7546F200180CB2;
			productRefGroup = B6360D0D2A7546F200180CB2 /* Products */;
			projectDirPath = "";
			projectRoot = "";
			targets = (
				B6360D0B2A7546F200180CB2 /* Todoey */,
			);
		};
/* End PBXProject section */

/* Begin PBXResourcesBuildPhase section */
		B6360D0A2A7546F200180CB2 /* Resources */ = {
			isa = PBXResourcesBuildPhase;
			buildActionMask = 2147483647;
			files = (
				B6360D1C2A7546F300180CB2 /* LaunchScreen.storyboard in Resources */,
				B6360D192A7546F300180CB2 /* Assets.xcassets in Resources */,
				B6360D172A7546F200180CB2 /* Main.storyboard in Resources */,
			);
			runOnlyForDeploymentPostprocessing = 0;
		};
/* End PBXResourcesBuildPhase section */

/* Begin PBXShellScriptBuildPhase section */
		582912FC9527803E352C30CE /* [CP] Embed Pods Frameworks */ = {
			isa = PBXShellScriptBuildPhase;
			buildActionMask = 2147483647;
			files = (
			);
			inputFileListPaths = (
				"${PODS_ROOT}/Target Support Files/Pods-Todoey/Pods-Todoey-frameworks-${CONFIGURATION}-input-files.xcfilelist",
			);
			name = "[CP] Embed Pods Frameworks";
			outputFileListPaths = (
				"${PODS_ROOT}/Target Support Files/Pods-Todoey/Pods-Todoey-frameworks-${CONFIGURATION}-output-files.xcfilelist",
			);
			runOnlyForDeploymentPostprocessing = 0;
			shellPath = /bin/sh;
			shellScript = "\"${PODS_ROOT}/Target Support Files/Pods-Todoey/Pods-Todoey-frameworks.sh\"\n";
			showEnvVarsInLog = 0;
		};
		BBA1812EB1B5C27E20E8460C /* [CP] Check Pods Manifest.lock */ = {
			isa = PBXShellScriptBuildPhase;
			buildActionMask = 2147483647;
			files = (
			);
			inputFileListPaths = (
			);
			inputPaths = (
				"${PODS_PODFILE_DIR_PATH}/Podfile.lock",
				"${PODS_ROOT}/Manifest.lock",
			);
			name = "[CP] Check Pods Manifest.lock";
			outputFileListPaths = (
			);
			outputPaths = (
				"$(DERIVED_FILE_DIR)/Pods-Todoey-checkManifestLockResult.txt",
			);
			runOnlyForDeploymentPostprocessing = 0;
			shellPath = /bin/sh;
			shellScript = "diff \"${PODS_PODFILE_DIR_PATH}/Podfile.lock\" \"${PODS_ROOT}/Manifest.lock\" > /dev/null\nif [ $? != 0 ] ; then\n    # print error to STDERR\n    echo \"error: The sandbox is not in sync with the Podfile.lock. Run 'pod install' or update your CocoaPods installation.\" >&2\n    exit 1\nfi\n# This output is used by Xcode 'outputs' to avoid re-running this script phase.\necho \"SUCCESS\" > \"${SCRIPT_OUTPUT_FILE_0}\"\n";
			showEnvVarsInLog = 0;
		};
/* End PBXShellScriptBuildPhase section */

/* Begin PBXSourcesBuildPhase section */
		B6360D082A7546F200180CB2 /* Sources */ = {
			isa = PBXSourcesBuildPhase;
			buildActionMask = 2147483647;
			files = (
				B6360D142A7546F200180CB2 /* CategoriesTVC.swift in Sources */,
				B655F4E62A75537500192855 /* SwipeableTVC.swift in Sources */,
				B6360D102A7546F200180CB2 /* AppDelegate.swift in Sources */,
				B6C89F0C2A76405E0003EF33 /* CategoryDataModel.swift in Sources */,
				B655F4E42A75529A00192855 /* ItemsTVC.swift in Sources */,
				B6C89F0E2A7640D20003EF33 /* ItemDataModel.swift in Sources */,
				B6360D122A7546F200180CB2 /* SceneDelegate.swift in Sources */,
			);
			runOnlyForDeploymentPostprocessing = 0;
		};
/* End PBXSourcesBuildPhase section */

/* Begin PBXVariantGroup section */
		B6360D152A7546F200180CB2 /* Main.storyboard */ = {
			isa = PBXVariantGroup;
			children = (
				B6360D162A7546F200180CB2 /* Base */,
			);
			name = Main.storyboard;
			sourceTree = "<group>";
		};
		B6360D1A2A7546F300180CB2 /* LaunchScreen.storyboard */ = {
			isa = PBXVariantGroup;
			children = (
				B6360D1B2A7546F300180CB2 /* Base */,
			);
			name = LaunchScreen.storyboard;
			sourceTree = "<group>";
		};
/* End PBXVariantGroup section */

/* Begin XCBuildConfiguration section */
		B6360D1E2A7546F300180CB2 /* Debug */ = {
			isa = XCBuildConfiguration;
			buildSettings = {
				ALWAYS_SEARCH_USER_PATHS = NO;
				CLANG_ANALYZER_NONNULL = YES;
				CLANG_ANALYZER_NUMBER_OBJECT_CONVERSION = YES_AGGRESSIVE;
				CLANG_CXX_LANGUAGE_STANDARD = "gnu++20";
				CLANG_ENABLE_MODULES = YES;
				CLANG_ENABLE_OBJC_ARC = YES;
				CLANG_ENABLE_OBJC_WEAK = YES;
				CLANG_WARN_BLOCK_CAPTURE_AUTORELEASING = YES;
				CLANG_WARN_BOOL_CONVERSION = YES;
				CLANG_WARN_COMMA = YES;
				CLANG_WARN_CONSTANT_CONVERSION = YES;
				CLANG_WARN_DEPRECATED_OBJC_IMPLEMENTATIONS = YES;
				CLANG_WARN_DIRECT_OBJC_ISA_USAGE = YES_ERROR;
				CLANG_WARN_DOCUMENTATION_COMMENTS = YES;
				CLANG_WARN_EMPTY_BODY = YES;
				CLANG_WARN_ENUM_CONVERSION = YES;
				CLANG_WARN_INFINITE_RECURSION = YES;
				CLANG_WARN_INT_CONVERSION = YES;
				CLANG_WARN_NON_LITERAL_NULL_CONVERSION = YES;
				CLANG_WARN_OBJC_IMPLICIT_RETAIN_SELF = YES;
				CLANG_WARN_OBJC_LITERAL_CONVERSION = YES;
				CLANG_WARN_OBJC_ROOT_CLASS = YES_ERROR;
				CLANG_WARN_QUOTED_INCLUDE_IN_FRAMEWORK_HEADER = YES;
				CLANG_WARN_RANGE_LOOP_ANALYSIS = YES;
				CLANG_WARN_STRICT_PROTOTYPES = YES;
				CLANG_WARN_SUSPICIOUS_MOVE = YES;
				CLANG_WARN_UNGUARDED_AVAILABILITY = YES_AGGRESSIVE;
				CLANG_WARN_UNREACHABLE_CODE = YES;
				CLANG_WARN__DUPLICATE_METHOD_MATCH = YES;
				COPY_PHASE_STRIP = NO;
				DEBUG_INFORMATION_FORMAT = dwarf;
				ENABLE_STRICT_OBJC_MSGSEND = YES;
				ENABLE_TESTABILITY = YES;
				GCC_C_LANGUAGE_STANDARD = gnu11;
				GCC_DYNAMIC_NO_PIC = NO;
				GCC_NO_COMMON_BLOCKS = YES;
				GCC_OPTIMIZATION_LEVEL = 0;
				GCC_PREPROCESSOR_DEFINITIONS = (
					"DEBUG=1",
					"$(inherited)",
				);
				GCC_WARN_64_TO_32_BIT_CONVERSION = YES;
				GCC_WARN_ABOUT_RETURN_TYPE = YES_ERROR;
				GCC_WARN_UNDECLARED_SELECTOR = YES;
				GCC_WARN_UNINITIALIZED_AUTOS = YES_AGGRESSIVE;
				GCC_WARN_UNUSED_FUNCTION = YES;
				GCC_WARN_UNUSED_VARIABLE = YES;
				IPHONEOS_DEPLOYMENT_TARGET = 16.4;
				MTL_ENABLE_DEBUG_INFO = INCLUDE_SOURCE;
				MTL_FAST_MATH = YES;
				ONLY_ACTIVE_ARCH = YES;
				SDKROOT = iphoneos;
				SWIFT_ACTIVE_COMPILATION_CONDITIONS = DEBUG;
				SWIFT_OPTIMIZATION_LEVEL = "-Onone";
			};
			name = Debug;
		};
		B6360D1F2A7546F300180CB2 /* Release */ = {
			isa = XCBuildConfiguration;
			buildSettings = {
				ALWAYS_SEARCH_USER_PATHS = NO;
				CLANG_ANALYZER_NONNULL = YES;
				CLANG_ANALYZER_NUMBER_OBJECT_CONVERSION = YES_AGGRESSIVE;
				CLANG_CXX_LANGUAGE_STANDARD = "gnu++20";
				CLANG_ENABLE_MODULES = YES;
				CLANG_ENABLE_OBJC_ARC = YES;
				CLANG_ENABLE_OBJC_WEAK = YES;
				CLANG_WARN_BLOCK_CAPTURE_AUTORELEASING = YES;
				CLANG_WARN_BOOL_CONVERSION = YES;
				CLANG_WARN_COMMA = YES;
				CLANG_WARN_CONSTANT_CONVERSION = YES;
				CLANG_WARN_DEPRECATED_OBJC_IMPLEMENTATIONS = YES;
				CLANG_WARN_DIRECT_OBJC_ISA_USAGE = YES_ERROR;
				CLANG_WARN_DOCUMENTATION_COMMENTS = YES;
				CLANG_WARN_EMPTY_BODY = YES;
				CLANG_WARN_ENUM_CONVERSION = YES;
				CLANG_WARN_INFINITE_RECURSION = YES;
				CLANG_WARN_INT_CONVERSION = YES;
				CLANG_WARN_NON_LITERAL_NULL_CONVERSION = YES;
				CLANG_WARN_OBJC_IMPLICIT_RETAIN_SELF = YES;
				CLANG_WARN_OBJC_LITERAL_CONVERSION = YES;
				CLANG_WARN_OBJC_ROOT_CLASS = YES_ERROR;
				CLANG_WARN_QUOTED_INCLUDE_IN_FRAMEWORK_HEADER = YES;
				CLANG_WARN_RANGE_LOOP_ANALYSIS = YES;
				CLANG_WARN_STRICT_PROTOTYPES = YES;
				CLANG_WARN_SUSPICIOUS_MOVE = YES;
				CLANG_WARN_UNGUARDED_AVAILABILITY = YES_AGGRESSIVE;
				CLANG_WARN_UNREACHABLE_CODE = YES;
				CLANG_WARN__DUPLICATE_METHOD_MATCH = YES;
				COPY_PHASE_STRIP = NO;
				DEBUG_INFORMATION_FORMAT = "dwarf-with-dsym";
				ENABLE_NS_ASSERTIONS = NO;
				ENABLE_STRICT_OBJC_MSGSEND = YES;
				GCC_C_LANGUAGE_STANDARD = gnu11;
				GCC_NO_COMMON_BLOCKS = YES;
				GCC_WARN_64_TO_32_BIT_CONVERSION = YES;
				GCC_WARN_ABOUT_RETURN_TYPE = YES_ERROR;
				GCC_WARN_UNDECLARED_SELECTOR = YES;
				GCC_WARN_UNINITIALIZED_AUTOS = YES_AGGRESSIVE;
				GCC_WARN_UNUSED_FUNCTION = YES;
				GCC_WARN_UNUSED_VARIABLE = YES;
				IPHONEOS_DEPLOYMENT_TARGET = 16.4;
				MTL_ENABLE_DEBUG_INFO = NO;
				MTL_FAST_MATH = YES;
				SDKROOT = iphoneos;
				SWIFT_COMPILATION_MODE = wholemodule;
				SWIFT_OPTIMIZATION_LEVEL = "-O";
				VALIDATE_PRODUCT = YES;
			};
			name = Release;
		};
		B6360D212A7546F300180CB2 /* Debug */ = {
			isa = XCBuildConfiguration;
			baseConfigurationReference = 6715EFAFBD8060C862446D23 /* Pods-Todoey.debug.xcconfig */;
			buildSettings = {
				ASSETCATALOG_COMPILER_APPICON_NAME = AppIcon;
				ASSETCATALOG_COMPILER_GLOBAL_ACCENT_COLOR_NAME = AccentColor;
				CODE_SIGN_STYLE = Automatic;
				CURRENT_PROJECT_VERSION = 1;
				DEVELOPMENT_TEAM = 6DXA92JYY2;
				GENERATE_INFOPLIST_FILE = YES;
				INFOPLIST_FILE = Todoey/Info.plist;
				INFOPLIST_KEY_UIApplicationSupportsIndirectInputEvents = YES;
				INFOPLIST_KEY_UILaunchStoryboardName = LaunchScreen;
				INFOPLIST_KEY_UIMainStoryboardFile = Main;
				INFOPLIST_KEY_UISupportedInterfaceOrientations_iPad = "UIInterfaceOrientationPortrait UIInterfaceOrientationPortraitUpsideDown UIInterfaceOrientationLandscapeLeft UIInterfaceOrientationLandscapeRight";
				INFOPLIST_KEY_UISupportedInterfaceOrientations_iPhone = "UIInterfaceOrientationPortrait UIInterfaceOrientationLandscapeLeft UIInterfaceOrientationLandscapeRight";
				LD_RUNPATH_SEARCH_PATHS = (
					"$(inherited)",
					"@executable_path/Frameworks",
				);
				MARKETING_VERSION = 1.0;
				PRODUCT_BUNDLE_IDENTIFIER = com.ingenious.Todoey;
				PRODUCT_NAME = "$(TARGET_NAME)";
				SWIFT_EMIT_LOC_STRINGS = YES;
				SWIFT_VERSION = 5.0;
				TARGETED_DEVICE_FAMILY = "1,2";
			};
			name = Debug;
		};
		B6360D222A7546F300180CB2 /* Release */ = {
			isa = XCBuildConfiguration;
			baseConfigurationReference = 5A4C878F0D682EAEA47D2372 /* Pods-Todoey.release.xcconfig */;
			buildSettings = {
				ASSETCATALOG_COMPILER_APPICON_NAME = AppIcon;
				ASSETCATALOG_COMPILER_GLOBAL_ACCENT_COLOR_NAME = AccentColor;
				CODE_SIGN_STYLE = Automatic;
				CURRENT_PROJECT_VERSION = 1;
				DEVELOPMENT_TEAM = 6DXA92JYY2;
				GENERATE_INFOPLIST_FILE = YES;
				INFOPLIST_FILE = Todoey/Info.plist;
				INFOPLIST_KEY_UIApplicationSupportsIndirectInputEvents = YES;
				INFOPLIST_KEY_UILaunchStoryboardName = LaunchScreen;
				INFOPLIST_KEY_UIMainStoryboardFile = Main;
				INFOPLIST_KEY_UISupportedInterfaceOrientations_iPad = "UIInterfaceOrientationPortrait UIInterfaceOrientationPortraitUpsideDown UIInterfaceOrientationLandscapeLeft UIInterfaceOrientationLandscapeRight";
				INFOPLIST_KEY_UISupportedInterfaceOrientations_iPhone = "UIInterfaceOrientationPortrait UIInterfaceOrientationLandscapeLeft UIInterfaceOrientationLandscapeRight";
				LD_RUNPATH_SEARCH_PATHS = (
					"$(inherited)",
					"@executable_path/Frameworks",
				);
				MARKETING_VERSION = 1.0;
				PRODUCT_BUNDLE_IDENTIFIER = com.ingenious.Todoey;
				PRODUCT_NAME = "$(TARGET_NAME)";
				SWIFT_EMIT_LOC_STRINGS = YES;
				SWIFT_VERSION = 5.0;
				TARGETED_DEVICE_FAMILY = "1,2";
			};
			name = Release;
		};
/* End XCBuildConfiguration section */

/* Begin XCConfigurationList section */
		B6360D072A7546F200180CB2 /* Build configuration list for PBXProject "Todoey" */ = {
			isa = XCConfigurationList;
			buildConfigurations = (
				B6360D1E2A7546F300180CB2 /* Debug */,
				B6360D1F2A7546F300180CB2 /* Release */,
			);
			defaultConfigurationIsVisible = 0;
			defaultConfigurationName = Release;
		};
		B6360D202A7546F300180CB2 /* Build configuration list for PBXNativeTarget "Todoey" */ = {
			isa = XCConfigurationList;
			buildConfigurations = (
				B6360D212A7546F300180CB2 /* Debug */,
				B6360D222A7546F300180CB2 /* Release */,
			);
			defaultConfigurationIsVisible = 0;
			defaultConfigurationName = Release;
		};
/* End XCConfigurationList section */
	};
	rootObject = B6360D042A7546F200180CB2 /* Project object */;
}
